
Microsoft Visual Studio Solution File, Format Version 12.00
# Visual Studio 15
Project("{FAE04EC0-301F-11D3-BF4B-00C04F79EFBC}") = "Assembly-CSharp", "Assembly-CSharp.csproj", "{A6BC4EB1-820B-AA78-8200-5EF1354C1C8C}"
EndProject
Project("{FAE04EC0-301F-11D3-BF4B-00C04F79EFBC}") = "Assembly-CSharp-Editor", "Assembly-CSharp-Editor.csproj", "{95C62DD8-DB39-B5B7-32B1-B81B88D5E471}"
EndProject
Global
	GlobalSection(SolutionConfigurationPlatforms) = preSolution
		Debug|Any CPU = Debug|Any CPU
		Release|Any CPU = Release|Any CPU
	EndGlobalSection
	GlobalSection(ProjectConfigurationPlatforms) = postSolution
		{A6BC4EB1-820B-AA78-8200-5EF1354C1C8C}.Debug|Any CPU.ActiveCfg = Debug|Any CPU
		{A6BC4EB1-820B-AA78-8200-5EF1354C1C8C}.Debug|Any CPU.Build.0 = Debug|Any CPU
		{A6BC4EB1-820B-AA78-8200-5EF1354C1C8C}.Release|Any CPU.ActiveCfg = Release|Any CPU
		{A6BC4EB1-820B-AA78-8200-5EF1354C1C8C}.Release|Any CPU.Build.0 = Release|Any CPU
		{95C62DD8-DB39-B5B7-32B1-B81B88D5E471}.Debug|Any CPU.ActiveCfg = Debug|Any CPU
		{95C62DD8-DB39-B5B7-32B1-B81B88D5E471}.Debug|Any CPU.Build.0 = Debug|Any CPU
		{95C62DD8-DB39-B5B7-32B1-B81B88D5E471}.Release|Any CPU.ActiveCfg = Release|Any CPU
		{95C62DD8-DB39-B5B7-32B1-B81B88D5E471}.Release|Any CPU.Build.0 = Release|Any CPU
	EndGlobalSection
	GlobalSection(SolutionProperties) = preSolution
		HideSolutionNode = FALSE
	EndGlobalSection
EndGlobal
